
Microsoft Visual Studio Solution File, Format Version 12.00
# Visual Studio 15
VisualStudioVersion = 15.0.28010.2019
MinimumVisualStudioVersion = 10.0.40219.1
Project("{9A19103F-16F7-4668-BE54-9A1E7A4F7556}") = "DesignPatterns", "DesignPatterns\DesignPatterns.csproj", "{5A20E164-D656-4732-83FE-9EA016FB2A70}"
EndProject
Project("{2150E333-8FDC-42A3-9474-1A3956D46DE8}") = "Solution Items", "Solution Items", "{5DDAB594-5072-4731-A4EC-273D98D19590}"
	ProjectSection(SolutionItems) = preProject
		.editorconfig = .editorconfig
		.gitattributes = .gitattributes
		.gitignore = .gitignore
	EndProjectSection
EndProject
Global
	GlobalSection(SolutionConfigurationPlatforms) = preSolution
		Debug|Any CPU = Debug|Any CPU
		Release|Any CPU = Release|Any CPU
	EndGlobalSection
	GlobalSection(ProjectConfigurationPlatforms) = postSolution
		{5A20E164-D656-4732-83FE-9EA016FB2A70}.Debug|Any CPU.ActiveCfg = Debug|Any CPU
		{5A20E164-D656-4732-83FE-9EA016FB2A70}.Debug|Any CPU.Build.0 = Debug|Any CPU
		{5A20E164-D656-4732-83FE-9EA016FB2A70}.Release|Any CPU.ActiveCfg = Release|Any CPU
		{5A20E164-D656-4732-83FE-9EA016FB2A70}.Release|Any CPU.Build.0 = Release|Any CPU
	EndGlobalSection
	GlobalSection(SolutionProperties) = preSolution
		HideSolutionNode = FALSE
	EndGlobalSection
	GlobalSection(ExtensibilityGlobals) = postSolution
		SolutionGuid = {7D7CDD65-2FBB-4AE5-BD80-C2A90E3B8A4D}
	EndGlobalSection
EndGlobal
